
Microsoft Visual Studio Solution File, Format Version 12.00
# Visual Studio 2012
Project("{D954291E-2A0B-460D-934E-DC6B0785DB48}") = "SampleGame", "SampleGame\SampleGame.shproj", "{D226B473-30FF-4FCB-8E01-682995900C58}"
EndProject
Project("{FAE04EC0-301F-11D3-BF4B-00C04F79EFBC}") = "SampleGame.iOS", "iOS\SampleGame.iOS.csproj", "{B902C9BE-5A78-4473-AE55-7F8F81E38AAD}"
EndProject
Project("{FAE04EC0-301F-11D3-BF4B-00C04F79EFBC}") = "SampleGame.Droid", "Android\SampleGame.Droid.csproj", "{600493F6-0DC6-40EE-A1A6-6C01080BC497}"
EndProject
Global
	GlobalSection(SolutionConfigurationPlatforms) = preSolution
		Debug|iPhoneSimulator = Debug|iPhoneSimulator
		Release|iPhone = Release|iPhone
		Release|iPhoneSimulator = Release|iPhoneSimulator
		Debug|iPhone = Debug|iPhone
		Debug|Any CPU = Debug|Any CPU
		Release|Any CPU = Release|Any CPU
	EndGlobalSection
	GlobalSection(ProjectConfigurationPlatforms) = postSolution
		{B902C9BE-5A78-4473-AE55-7F8F81E38AAD}.Debug|iPhoneSimulator.ActiveCfg = Debug|iPhoneSimulator
		{B902C9BE-5A78-4473-AE55-7F8F81E38AAD}.Debug|iPhoneSimulator.Build.0 = Debug|iPhoneSimulator
		{B902C9BE-5A78-4473-AE55-7F8F81E38AAD}.Release|iPhone.ActiveCfg = Release|iPhone
		{B902C9BE-5A78-4473-AE55-7F8F81E38AAD}.Release|iPhone.Build.0 = Release|iPhone
		{B902C9BE-5A78-4473-AE55-7F8F81E38AAD}.Release|iPhoneSimulator.ActiveCfg = Release|iPhoneSimulator
		{B902C9BE-5A78-4473-AE55-7F8F81E38AAD}.Release|iPhoneSimulator.Build.0 = Release|iPhoneSimulator
		{B902C9BE-5A78-4473-AE55-7F8F81E38AAD}.Debug|iPhone.ActiveCfg = Debug|iPhone
		{B902C9BE-5A78-4473-AE55-7F8F81E38AAD}.Debug|iPhone.Build.0 = Debug|iPhone
		{B902C9BE-5A78-4473-AE55-7F8F81E38AAD}.Debug|Any CPU.ActiveCfg = Debug|iPhoneSimulator
		{B902C9BE-5A78-4473-AE55-7F8F81E38AAD}.Debug|Any CPU.Build.0 = Debug|iPhoneSimulator
		{B902C9BE-5A78-4473-AE55-7F8F81E38AAD}.Release|Any CPU.ActiveCfg = Release|iPhone
		{B902C9BE-5A78-4473-AE55-7F8F81E38AAD}.Release|Any CPU.Build.0 = Release|iPhone
		{600493F6-0DC6-40EE-A1A6-6C01080BC497}.Debug|iPhoneSimulator.ActiveCfg = Debug|Any CPU
		{600493F6-0DC6-40EE-A1A6-6C01080BC497}.Debug|iPhoneSimulator.Build.0 = Debug|Any CPU
		{600493F6-0DC6-40EE-A1A6-6C01080BC497}.Release|iPhone.ActiveCfg = Release|Any CPU
		{600493F6-0DC6-40EE-A1A6-6C01080BC497}.Release|iPhone.Build.0 = Release|Any CPU
		{600493F6-0DC6-40EE-A1A6-6C01080BC497}.Release|iPhoneSimulator.ActiveCfg = Release|Any CPU
		{600493F6-0DC6-40EE-A1A6-6C01080BC497}.Release|iPhoneSimulator.Build.0 = Release|Any CPU
		{600493F6-0DC6-40EE-A1A6-6C01080BC497}.Debug|iPhone.ActiveCfg = Debug|Any CPU
		{600493F6-0DC6-40EE-A1A6-6C01080BC497}.Debug|iPhone.Build.0 = Debug|Any CPU
		{600493F6-0DC6-40EE-A1A6-6C01080BC497}.Debug|Any CPU.ActiveCfg = Debug|Any CPU
		{600493F6-0DC6-40EE-A1A6-6C01080BC497}.Debug|Any CPU.Build.0 = Debug|Any CPU
		{600493F6-0DC6-40EE-A1A6-6C01080BC497}.Release|Any CPU.ActiveCfg = Release|Any CPU
		{600493F6-0DC6-40EE-A1A6-6C01080BC497}.Release|Any CPU.Build.0 = Release|Any CPU
	EndGlobalSection
EndGlobal
